
Microsoft Visual Studio Solution File, Format Version 12.00
# Visual Studio Version 16
VisualStudioVersion = 16.0.29728.190
MinimumVisualStudioVersion = 10.0.40219.1
Project("{FAE04EC0-301F-11D3-BF4B-00C04F79EFBC}") = "LAB_1", "LAB_1\LAB_1.csproj", "{DA4ECBB7-8059-4D07-BE4D-552D86845494}"
EndProject
Global
	GlobalSection(SolutionConfigurationPlatforms) = preSolution
		Debug|Any CPU = Debug|Any CPU
		Release|Any CPU = Release|Any CPU
	EndGlobalSection
	GlobalSection(ProjectConfigurationPlatforms) = postSolution
		{DA4ECBB7-8059-4D07-BE4D-552D86845494}.Debug|Any CPU.ActiveCfg = Debug|Any CPU
		{DA4ECBB7-8059-4D07-BE4D-552D86845494}.Debug|Any CPU.Build.0 = Debug|Any CPU
		{DA4ECBB7-8059-4D07-BE4D-552D86845494}.Release|Any CPU.ActiveCfg = Release|Any CPU
		{DA4ECBB7-8059-4D07-BE4D-552D86845494}.Release|Any CPU.Build.0 = Release|Any CPU
	EndGlobalSection
	GlobalSection(SolutionProperties) = preSolution
		HideSolutionNode = FALSE
	EndGlobalSection
	GlobalSection(ExtensibilityGlobals) = postSolution
		SolutionGuid = {ACBA5ABA-68E5-4285-9D0F-51BE4E075026}
	EndGlobalSection
EndGlobal
